
Microsoft Visual Studio Solution File, Format Version 12.00
# Visual Studio Version 16
VisualStudioVersion = 16.0.31702.278
MinimumVisualStudioVersion = 10.0.40219.1
Project("{FAE04EC0-301F-11D3-BF4B-00C04F79EFBC}") = "ConsoleApp17", "ConsoleApp17\ConsoleApp17.csproj", "{FEB40BAA-B9CF-48AE-AA2B-F430BC2C3E86}"
EndProject
Global
	GlobalSection(SolutionConfigurationPlatforms) = preSolution
		Debug|Any CPU = Debug|Any CPU
		Release|Any CPU = Release|Any CPU
	EndGlobalSection
	GlobalSection(ProjectConfigurationPlatforms) = postSolution
		{FEB40BAA-B9CF-48AE-AA2B-F430BC2C3E86}.Debug|Any CPU.ActiveCfg = Debug|Any CPU
		{FEB40BAA-B9CF-48AE-AA2B-F430BC2C3E86}.Debug|Any CPU.Build.0 = Debug|Any CPU
		{FEB40BAA-B9CF-48AE-AA2B-F430BC2C3E86}.Release|Any CPU.ActiveCfg = Release|Any CPU
		{FEB40BAA-B9CF-48AE-AA2B-F430BC2C3E86}.Release|Any CPU.Build.0 = Release|Any CPU
	EndGlobalSection
	GlobalSection(SolutionProperties) = preSolution
		HideSolutionNode = FALSE
	EndGlobalSection
	GlobalSection(ExtensibilityGlobals) = postSolution
		SolutionGuid = {B0282D5F-3452-499C-848E-DAE858D31D72}
	EndGlobalSection
EndGlobal
